Microsoft Visual Studio Solution File, Format Version 12.00
# Visual Studio Version 17
VisualStudioVersion = 17.5.2.0
MinimumVisualStudioVersion = 10.0.40219.1
Project("{FAE04EC0-301F-11D3-BF4B-00C04F79EFBC}") = "FootballApp.UI", "FootballApp.UI.csproj", "{986C9392-9B29-903D-F5FC-8A1C8E7944BE}"
EndProject
Global
	GlobalSection(SolutionConfigurationPlatforms) = preSolution
		Debug|Any CPU = Debug|Any CPU
		Release|Any CPU = Release|Any CPU
	EndGlobalSection
	GlobalSection(ProjectConfigurationPlatforms) = postSolution
		{986C9392-9B29-903D-F5FC-8A1C8E7944BE}.Debug|Any CPU.ActiveCfg = Debug|Any CPU
		{986C9392-9B29-903D-F5FC-8A1C8E7944BE}.Debug|Any CPU.Build.0 = Debug|Any CPU
		{986C9392-9B29-903D-F5FC-8A1C8E7944BE}.Release|Any CPU.ActiveCfg = Release|Any CPU
		{986C9392-9B29-903D-F5FC-8A1C8E7944BE}.Release|Any CPU.Build.0 = Release|Any CPU
	EndGlobalSection
	GlobalSection(SolutionProperties) = preSolution
		HideSolutionNode = FALSE
	EndGlobalSection
	GlobalSection(ExtensibilityGlobals) = postSolution
		SolutionGuid = {A095AB19-FC0D-409B-9CDD-B48E4D1260F2}
	EndGlobalSection
EndGlobal
